
Microsoft Visual Studio Solution File, Format Version 12.00
# Visual Studio Version 16
VisualStudioVersion = 16.0.28803.156
MinimumVisualStudioVersion = 10.0.40219.1
Project("{9A19103F-16F7-4668-BE54-9A1E7A4F7556}") = "ApiGetWay", "ApiGetWay\ApiGetWay.csproj", "{369CD98C-AEE9-4B95-8CCA-8B5D94E094B2}"
EndProject
Project("{9A19103F-16F7-4668-BE54-9A1E7A4F7556}") = "OrderApiServices", "OrderApiServices\OrderApiServices.csproj", "{D7EBD0CE-79F1-452C-9F70-C41F18C3730D}"
EndProject
Project("{9A19103F-16F7-4668-BE54-9A1E7A4F7556}") = "ProductApiServices", "ProductApiServices\ProductApiServices.csproj", "{7C953A9E-3ED1-4AF2-8C57-C3150F5E13C3}"
EndProject
Global
	GlobalSection(SolutionConfigurationPlatforms) = preSolution
		Debug|Any CPU = Debug|Any CPU
		Release|Any CPU = Release|Any CPU
	EndGlobalSection
	GlobalSection(ProjectConfigurationPlatforms) = postSolution
		{369CD98C-AEE9-4B95-8CCA-8B5D94E094B2}.Debug|Any CPU.ActiveCfg = Debug|Any CPU
		{369CD98C-AEE9-4B95-8CCA-8B5D94E094B2}.Debug|Any CPU.Build.0 = Debug|Any CPU
		{369CD98C-AEE9-4B95-8CCA-8B5D94E094B2}.Release|Any CPU.ActiveCfg = Release|Any CPU
		{369CD98C-AEE9-4B95-8CCA-8B5D94E094B2}.Release|Any CPU.Build.0 = Release|Any CPU
		{D7EBD0CE-79F1-452C-9F70-C41F18C3730D}.Debug|Any CPU.ActiveCfg = Debug|Any CPU
		{D7EBD0CE-79F1-452C-9F70-C41F18C3730D}.Debug|Any CPU.Build.0 = Debug|Any CPU
		{D7EBD0CE-79F1-452C-9F70-C41F18C3730D}.Release|Any CPU.ActiveCfg = Release|Any CPU
		{D7EBD0CE-79F1-452C-9F70-C41F18C3730D}.Release|Any CPU.Build.0 = Release|Any CPU
		{7C953A9E-3ED1-4AF2-8C57-C3150F5E13C3}.Debug|Any CPU.ActiveCfg = Debug|Any CPU
		{7C953A9E-3ED1-4AF2-8C57-C3150F5E13C3}.Debug|Any CPU.Build.0 = Debug|Any CPU
		{7C953A9E-3ED1-4AF2-8C57-C3150F5E13C3}.Release|Any CPU.ActiveCfg = Release|Any CPU
		{7C953A9E-3ED1-4AF2-8C57-C3150F5E13C3}.Release|Any CPU.Build.0 = Release|Any CPU
	EndGlobalSection
	GlobalSection(SolutionProperties) = preSolution
		HideSolutionNode = FALSE
	EndGlobalSection
	GlobalSection(ExtensibilityGlobals) = postSolution
		SolutionGuid = {1C61528F-3C53-42FB-9289-C60AF8D00143}
	EndGlobalSection
EndGlobal
